
Microsoft Visual Studio Solution File, Format Version 12.00
# Visual Studio 14
VisualStudioVersion = 14.0.24720.0
MinimumVisualStudioVersion = 10.0.40219.1
Project("{FAE04EC0-301F-11D3-BF4B-00C04F79EFBC}") = "M2TWHelpers", "M2TWHelpers\M2TWHelpers.csproj", "{78D0A88F-1DEC-4691-9CAD-B0E0FAB3536E}"
EndProject
Global
	GlobalSection(SolutionConfigurationPlatforms) = preSolution
		Debug|ARM = Debug|ARM
		Debug|x64 = Debug|x64
		Debug|x86 = Debug|x86
		Release|ARM = Release|ARM
		Release|x64 = Release|x64
		Release|x86 = Release|x86
	EndGlobalSection
	GlobalSection(ProjectConfigurationPlatforms) = postSolution
		{78D0A88F-1DEC-4691-9CAD-B0E0FAB3536E}.Debug|ARM.ActiveCfg = Debug|ARM
		{78D0A88F-1DEC-4691-9CAD-B0E0FAB3536E}.Debug|ARM.Build.0 = Debug|ARM
		{78D0A88F-1DEC-4691-9CAD-B0E0FAB3536E}.Debug|ARM.Deploy.0 = Debug|ARM
		{78D0A88F-1DEC-4691-9CAD-B0E0FAB3536E}.Debug|x64.ActiveCfg = Debug|x64
		{78D0A88F-1DEC-4691-9CAD-B0E0FAB3536E}.Debug|x64.Build.0 = Debug|x64
		{78D0A88F-1DEC-4691-9CAD-B0E0FAB3536E}.Debug|x64.Deploy.0 = Debug|x64
		{78D0A88F-1DEC-4691-9CAD-B0E0FAB3536E}.Debug|x86.ActiveCfg = Debug|x86
		{78D0A88F-1DEC-4691-9CAD-B0E0FAB3536E}.Debug|x86.Build.0 = Debug|x86
		{78D0A88F-1DEC-4691-9CAD-B0E0FAB3536E}.Debug|x86.Deploy.0 = Debug|x86
		{78D0A88F-1DEC-4691-9CAD-B0E0FAB3536E}.Release|ARM.ActiveCfg = Release|ARM
		{78D0A88F-1DEC-4691-9CAD-B0E0FAB3536E}.Release|ARM.Build.0 = Release|ARM
		{78D0A88F-1DEC-4691-9CAD-B0E0FAB3536E}.Release|ARM.Deploy.0 = Release|ARM
		{78D0A88F-1DEC-4691-9CAD-B0E0FAB3536E}.Release|x64.ActiveCfg = Release|x64
		{78D0A88F-1DEC-4691-9CAD-B0E0FAB3536E}.Release|x64.Build.0 = Release|x64
		{78D0A88F-1DEC-4691-9CAD-B0E0FAB3536E}.Release|x64.Deploy.0 = Release|x64
		{78D0A88F-1DEC-4691-9CAD-B0E0FAB3536E}.Release|x86.ActiveCfg = Release|x86
		{78D0A88F-1DEC-4691-9CAD-B0E0FAB3536E}.Release|x86.Build.0 = Release|x86
		{78D0A88F-1DEC-4691-9CAD-B0E0FAB3536E}.Release|x86.Deploy.0 = Release|x86
	EndGlobalSection
	GlobalSection(SolutionProperties) = preSolution
		HideSolutionNode = FALSE
	EndGlobalSection
EndGlobal
